
Microsoft Visual Studio Solution File, Format Version 12.00
# Visual Studio Version 17
VisualStudioVersion = 17.9.34728.123
MinimumVisualStudioVersion = 10.0.40219.1
Project("{FAE04EC0-301F-11D3-BF4B-00C04F79EFBC}") = "MagicVilla-API", "MagicVilla-API\MagicVilla-API.csproj", "{2C15A750-28C9-4EC2-A35A-528DFF99D414}"
EndProject
Global
	GlobalSection(SolutionConfigurationPlatforms) = preSolution
		Debug|Any CPU = Debug|Any CPU
		Release|Any CPU = Release|Any CPU
	EndGlobalSection
	GlobalSection(ProjectConfigurationPlatforms) = postSolution
		{2C15A750-28C9-4EC2-A35A-528DFF99D414}.Debug|Any CPU.ActiveCfg = Debug|Any CPU
		{2C15A750-28C9-4EC2-A35A-528DFF99D414}.Debug|Any CPU.Build.0 = Debug|Any CPU
		{2C15A750-28C9-4EC2-A35A-528DFF99D414}.Release|Any CPU.ActiveCfg = Release|Any CPU
		{2C15A750-28C9-4EC2-A35A-528DFF99D414}.Release|Any CPU.Build.0 = Release|Any CPU
	EndGlobalSection
	GlobalSection(SolutionProperties) = preSolution
		HideSolutionNode = FALSE
	EndGlobalSection
	GlobalSection(ExtensibilityGlobals) = postSolution
		SolutionGuid = {E873B30D-E339-4281-8159-32299709280C}
	EndGlobalSection
EndGlobal
